// !$*UTF8*$!
{
	archiveVersion = 1;
	classes = {
	};
	objectVersion = 46;
	objects = {

/* Begin PBXBuildFile section */
		4324331F1D0655B200C33FB2 /* main.m in Sources */ = {isa = PBXBuildFile; fileRef = 4324331E1D0655B200C33FB2 /* main.m */; };
		432433221D0655B200C33FB2 /* AppDelegate.m in Sources */ = {isa = PBXBuildFile; fileRef = 432433211D0655B200C33FB2 /* AppDelegate.m */; };
		432433281D0655B200C33FB2 /* Main.storyboard in Resources */ = {isa = PBXBuildFile; fileRef = 432433261D0655B200C33FB2 /* Main.storyboard */; };
		4324332A1D0655B200C33FB2 /* Assets.xcassets in Resources */ = {isa = PBXBuildFile; fileRef = 432433291D0655B200C33FB2 /* Assets.xcassets */; };
		4324332D1D0655B200C33FB2 /* LaunchScreen.storyboard in Resources */ = {isa = PBXBuildFile; fileRef = 4324332B1D0655B200C33FB2 /* LaunchScreen.storyboard */; };
		4324333E1D0673B900C33FB2 /* XTFirstVC.m in Sources */ = {isa = PBXBuildFile; fileRef = 4324333D1D0673B900C33FB2 /* XTFirstVC.m */; };
		432433411D068C8400C33FB2 /* XTFirstTableView.m in Sources */ = {isa = PBXBuildFile; fileRef = 432433401D068C8400C33FB2 /* XTFirstTableView.m */; };
		4324339D1D07179500C33FB2 /* XTMainVC.m in Sources */ = {isa = PBXBuildFile; fileRef = 4324339C1D07179500C33FB2 /* XTMainVC.m */; };
		4324339F1D071B6500C33FB2 /* CommonSymptoms.plist in Resources */ = {isa = PBXBuildFile; fileRef = 4324339E1D071B6500C33FB2 /* CommonSymptoms.plist */; };
/* End PBXBuildFile section */

/* Begin PBXFileReference section */
		4324331A1D0655B200C33FB2 /* TableWithTable.app */ = {isa = PBXFileReference; explicitFileType = wrapper.application; includeInIndex = 0; path = TableWithTable.app; sourceTree = BUILT_PRODUCTS_DIR; };
		4324331E1D0655B200C33FB2 /* main.m */ = {isa = PBXFileReference; lastKnownFileType = sourcecode.c.objc; path = main.m; sourceTree = "<group>"; };
		432433201D0655B200C33FB2 /* AppDelegate.h */ = {isa = PBXFileReference; lastKnownFileType = sourcecode.c.h; path = AppDelegate.h; sourceTree = "<group>"; };
		432433211D0655B200C33FB2 /* AppDelegate.m */ = {isa = PBXFileReference; lastKnownFileType = sourcecode.c.objc; path = AppDelegate.m; sourceTree = "<group>"; };
		432433271D0655B200C33FB2 /* Base */ = {isa = PBXFileReference; lastKnownFileType = file.storyboard; name = Base; path = Base.lproj/Main.storyboard; sourceTree = "<group>"; };
		432433291D0655B200C33FB2 /* Assets.xcassets */ = {isa = PBXFileReference; lastKnownFileType = folder.assetcatalog; path = Assets.xcassets; sourceTree = "<group>"; };
		4324332C1D0655B200C33FB2 /* Base */ = {isa = PBXFileReference; lastKnownFileType = file.storyboard; name = Base; path = Base.lproj/LaunchScreen.storyboard; sourceTree = "<group>"; };
		4324332E1D0655B200C33FB2 /* Info.plist */ = {isa = PBXFileReference; lastKnownFileType = text.plist.xml; path = Info.plist; sourceTree = "<group>"; };
		4324333C1D0673B900C33FB2 /* XTFirstVC.h */ = {isa = PBXFileReference; fileEncoding = 4; lastKnownFileType = sourcecode.c.h; path = XTFirstVC.h; sourceTree = "<group>"; };
		4324333D1D0673B900C33FB2 /* XTFirstVC.m */ = {isa = PBXFileReference; fileEncoding = 4; lastKnownFileType = sourcecode.c.objc; path = XTFirstVC.m; sourceTree = "<group>"; };
		4324333F1D068C8400C33FB2 /* XTFirstTableView.h */ = {isa = PBXFileReference; fileEncoding = 4; lastKnownFileType = sourcecode.c.h; path = XTFirstTableView.h; sourceTree = "<group>"; };
		432433401D068C8400C33FB2 /* XTFirstTableView.m */ = {isa = PBXFileReference; fileEncoding = 4; lastKnownFileType = sourcecode.c.objc; path = XTFirstTableView.m; sourceTree = "<group>"; };
		432433511D06AE0500C33FB2 /* PrefixHeader.pch */ = {isa = PBXFileReference; fileEncoding = 4; lastKnownFileType = sourcecode.c.h; path = PrefixHeader.pch; sourceTree = "<group>"; };
		4324339B1D07179500C33FB2 /* XTMainVC.h */ = {isa = PBXFileReference; fileEncoding = 4; lastKnownFileType = sourcecode.c.h; path = XTMainVC.h; sourceTree = "<group>"; };
		4324339C1D07179500C33FB2 /* XTMainVC.m */ = {isa = PBXFileReference; fileEncoding = 4; lastKnownFileType = sourcecode.c.objc; path = XTMainVC.m; sourceTree = "<group>"; };
		4324339E1D071B6500C33FB2 /* CommonSymptoms.plist */ = {isa = PBXFileReference; fileEncoding = 4; lastKnownFileType = text.plist.xml; path = CommonSymptoms.plist; sourceTree = "<group>"; };
/* End PBXFileReference section */

/* Begin PBXFrameworksBuildPhase section */
		432433171D0655B200C33FB2 /* Frameworks */ = {
			isa = PBXFrameworksBuildPhase;
			buildActionMask = 2147483647;
			files = (
			);
			runOnlyForDeploymentPostprocessing = 0;
		};
/* End PBXFrameworksBuildPhase section */

/* Begin PBXGroup section */
		432433111D0655B200C33FB2 = {
			isa = PBXGroup;
			children = (
				4324331C1D0655B200C33FB2 /* TableWithTable */,
				4324331B1D0655B200C33FB2 /* Products */,
			);
			sourceTree = "<group>";
		};
		4324331B1D0655B200C33FB2 /* Products */ = {
			isa = PBXGroup;
			children = (
				4324331A1D0655B200C33FB2 /* TableWithTable.app */,
			);
			name = Products;
			sourceTree = "<group>";
		};
		4324331C1D0655B200C33FB2 /* TableWithTable */ = {
			isa = PBXGroup;
			children = (
				432433341D0671AF00C33FB2 /* Demo1 */,
				432433381D0671AF00C33FB2 /* Demo2 */,
				4324339B1D07179500C33FB2 /* XTMainVC.h */,
				4324339C1D07179500C33FB2 /* XTMainVC.m */,
				432433201D0655B200C33FB2 /* AppDelegate.h */,
				432433211D0655B200C33FB2 /* AppDelegate.m */,
				432433261D0655B200C33FB2 /* Main.storyboard */,
				432433291D0655B200C33FB2 /* Assets.xcassets */,
				4324332B1D0655B200C33FB2 /* LaunchScreen.storyboard */,
				4324332E1D0655B200C33FB2 /* Info.plist */,
				4324331D1D0655B200C33FB2 /* Supporting Files */,
			);
			path = TableWithTable;
			sourceTree = "<group>";
		};
		4324331D1D0655B200C33FB2 /* Supporting Files */ = {
			isa = PBXGroup;
			children = (
				4324339E1D071B6500C33FB2 /* CommonSymptoms.plist */,
				4324331E1D0655B200C33FB2 /* main.m */,
				432433511D06AE0500C33FB2 /* PrefixHeader.pch */,
			);
			name = "Supporting Files";
			sourceTree = "<group>";
		};
		432433341D0671AF00C33FB2 /* Demo1 */ = {
			isa = PBXGroup;
			children = (
				432433351D0671AF00C33FB2 /* Controller */,
				432433361D0671AF00C33FB2 /* Model */,
				432433371D0671AF00C33FB2 /* View */,
			);
			path = Demo1;
			sourceTree = "<group>";
		};
		432433351D0671AF00C33FB2 /* Controller */ = {
			isa = PBXGroup;
			children = (
				4324333C1D0673B900C33FB2 /* XTFirstVC.h */,
				4324333D1D0673B900C33FB2 /* XTFirstVC.m */,
			);
			path = Controller;
			sourceTree = "<group>";
		};
		432433361D0671AF00C33FB2 /* Model */ = {
			isa = PBXGroup;
			children = (
			);
			path = Model;
			sourceTree = "<group>";
		};
		432433371D0671AF00C33FB2 /* View */ = {
			isa = PBXGroup;
			children = (
				4324333F1D068C8400C33FB2 /* XTFirstTableView.h */,
				432433401D068C8400C33FB2 /* XTFirstTableView.m */,
			);
			path = View;
			sourceTree = "<group>";
		};
		432433381D0671AF00C33FB2 /* Demo2 */ = {
			isa = PBXGroup;
			children = (
				432433391D0671AF00C33FB2 /* Controller */,
				4324333A1D0671AF00C33FB2 /* Model */,
				4324333B1D0671AF00C33FB2 /* View */,
			);
			path = Demo2;
			sourceTree = "<group>";
		};
		432433391D0671AF00C33FB2 /* Controller */ = {
			isa = PBXGroup;
			children = (
			);
			path = Controller;
			sourceTree = "<group>";
		};
		4324333A1D0671AF00C33FB2 /* Model */ = {
			isa = PBXGroup;
			children = (
			);
			path = Model;
			sourceTree = "<group>";
		};
		4324333B1D0671AF00C33FB2 /* View */ = {
			isa = PBXGroup;
			children = (
			);
			path = View;
			sourceTree = "<group>";
		};
/* End PBXGroup section */

/* Begin PBXNativeTarget section */
		432433191D0655B200C33FB2 /* TableWithTable */ = {
			isa = PBXNativeTarget;
			buildConfigurationList = 432433311D0655B200C33FB2 /* Build configuration list for PBXNativeTarget "TableWithTable" */;
			buildPhases = (
				432433161D0655B200C33FB2 /* Sources */,
				432433171D0655B200C33FB2 /* Frameworks */,
				432433181D0655B200C33FB2 /* Resources */,
			);
			buildRules = (
			);
			dependencies = (
			);
			name = TableWithTable;
			productName = TableWithTable;
			productReference = 4324331A1D0655B200C33FB2 /* TableWithTable.app */;
			productType = "com.apple.product-type.application";
		};
/* End PBXNativeTarget section */

/* Begin PBXProject section */
		432433121D0655B200C33FB2 /* Project object */ = {
			isa = PBXProject;
			attributes = {
				CLASSPREFIX = XT;
				LastUpgradeCheck = 0730;
				ORGANIZATIONNAME = XTShow;
				TargetAttributes = {
					432433191D0655B200C33FB2 = {
						CreatedOnToolsVersion = 7.3.1;
					};
				};
			};
			buildConfigurationList = 432433151D0655B200C33FB2 /* Build configuration list for PBXProject "TableWithTable" */;
			compatibilityVersion = "Xcode 3.2";
			developmentRegion = English;
			hasScannedForEncodings = 0;
			knownRegions = (
				en,
				Base,
			);
			mainGroup = 432433111D0655B200C33FB2;
			productRefGroup = 4324331B1D0655B200C33FB2 /* Products */;
			projectDirPath = "";
			projectRoot = "";
			targets = (
				432433191D0655B200C33FB2 /* TableWithTable */,
			);
		};
/* End PBXProject section */

/* Begin PBXResourcesBuildPhase section */
		432433181D0655B200C33FB2 /* Resources */ = {
			isa = PBXResourcesBuildPhase;
			buildActionMask = 2147483647;
			files = (
				4324332D1D0655B200C33FB2 /* LaunchScreen.storyboard in Resources */,
				4324332A1D0655B200C33FB2 /* Assets.xcassets in Resources */,
				432433281D0655B200C33FB2 /* Main.storyboard in Resources */,
				4324339F1D071B6500C33FB2 /* CommonSymptoms.plist in Resources */,
			);
			runOnlyForDeploymentPostprocessing = 0;
		};
/* End PBXResourcesBuildPhase section */

/* Begin PBXSourcesBuildPhase section */
		432433161D0655B200C33FB2 /* Sources */ = {
			isa = PBXSourcesBuildPhase;
			buildActionMask = 2147483647;
			files = (
				432433221D0655B200C33FB2 /* AppDelegate.m in Sources */,
				4324331F1D0655B200C33FB2 /* main.m in Sources */,
				432433411D068C8400C33FB2 /* XTFirstTableView.m in Sources */,
				4324333E1D0673B900C33FB2 /* XTFirstVC.m in Sources */,
				4324339D1D07179500C33FB2 /* XTMainVC.m in Sources */,
			);
			runOnlyForDeploymentPostprocessing = 0;
		};
/* End PBXSourcesBuildPhase section */

/* Begin PBXVariantGroup section */
		432433261D0655B200C33FB2 /* Main.storyboard */ = {
			isa = PBXVariantGroup;
			children = (
				432433271D0655B200C33FB2 /* Base */,
			);
			name = Main.storyboard;
			sourceTree = "<group>";
		};
		4324332B1D0655B200C33FB2 /* LaunchScreen.storyboard */ = {
			isa = PBXVariantGroup;
			children = (
				4324332C1D0655B200C33FB2 /* Base */,
			);
			name = LaunchScreen.storyboard;
			sourceTree = "<group>";
		};
/* End PBXVariantGroup section */

/* Begin XCBuildConfiguration section */
		4324332F1D0655B200C33FB2 /* Debug */ = {
			isa = XCBuildConfiguration;
			buildSettings = {
				ALWAYS_SEARCH_USER_PATHS = NO;
				CLANG_ANALYZER_NONNULL = YES;
				CLANG_CXX_LANGUAGE_STANDARD = "gnu++0x";
				CLANG_CXX_LIBRARY = "libc++";
				CLANG_ENABLE_MODULES = YES;
				CLANG_ENABLE_OBJC_ARC = YES;
				CLANG_WARN_BOOL_CONVERSION = YES;
				CLANG_WARN_CONSTANT_CONVERSION = YES;
				CLANG_WARN_DIRECT_OBJC_ISA_USAGE = YES_ERROR;
				CLANG_WARN_EMPTY_BODY = YES;
				CLANG_WARN_ENUM_CONVERSION = YES;
				CLANG_WARN_INT_CONVERSION = YES;
				CLANG_WARN_OBJC_ROOT_CLASS = YES_ERROR;
				CLANG_WARN_UNREACHABLE_CODE = YES;
				CLANG_WARN__DUPLICATE_METHOD_MATCH = YES;
				"CODE_SIGN_IDENTITY[sdk=iphoneos*]" = "iPhone Developer";
				COPY_PHASE_STRIP = NO;
				DEBUG_INFORMATION_FORMAT = dwarf;
				ENABLE_STRICT_OBJC_MSGSEND = YES;
				ENABLE_TESTABILITY = YES;
				GCC_C_LANGUAGE_STANDARD = gnu99;
				GCC_DYNAMIC_NO_PIC = NO;
				GCC_NO_COMMON_BLOCKS = YES;
				GCC_OPTIMIZATION_LEVEL = 0;
				GCC_PREPROCESSOR_DEFINITIONS = (
					"DEBUG=1",
					"$(inherited)",
				);
				GCC_WARN_64_TO_32_BIT_CONVERSION = YES;
				GCC_WARN_ABOUT_RETURN_TYPE = YES_ERROR;
				GCC_WARN_UNDECLARED_SELECTOR = YES;
				GCC_WARN_UNINITIALIZED_AUTOS = YES_AGGRESSIVE;
				GCC_WARN_UNUSED_FUNCTION = YES;
				GCC_WARN_UNUSED_VARIABLE = YES;
				IPHONEOS_DEPLOYMENT_TARGET = 9.3;
				MTL_ENABLE_DEBUG_INFO = YES;
				ONLY_ACTIVE_ARCH = YES;
				SDKROOT = iphoneos;
			};
			name = Debug;
		};
		432433301D0655B200C33FB2 /* Release */ = {
			isa = XCBuildConfiguration;
			buildSettings = {
				ALWAYS_SEARCH_USER_PATHS = NO;
				CLANG_ANALYZER_NONNULL = YES;
				CLANG_CXX_LANGUAGE_STANDARD = "gnu++0x";
				CLANG_CXX_LIBRARY = "libc++";
				CLANG_ENABLE_MODULES = YES;
				CLANG_ENABLE_OBJC_ARC = YES;
				CLANG_WARN_BOOL_CONVERSION = YES;
				CLANG_WARN_CONSTANT_CONVERSION = YES;
				CLANG_WARN_DIRECT_OBJC_ISA_USAGE = YES_ERROR;
				CLANG_WARN_EMPTY_BODY = YES;
				CLANG_WARN_ENUM_CONVERSION = YES;
				CLANG_WARN_INT_CONVERSION = YES;
				CLANG_WARN_OBJC_ROOT_CLASS = YES_ERROR;
				CLANG_WARN_UNREACHABLE_CODE = YES;
				CLANG_WARN__DUPLICATE_METHOD_MATCH = YES;
				"CODE_SIGN_IDENTITY[sdk=iphoneos*]" = "iPhone Developer";
				COPY_PHASE_STRIP = NO;
				DEBUG_INFORMATION_FORMAT = "dwarf-with-dsym";
				ENABLE_NS_ASSERTIONS = NO;
				ENABLE_STRICT_OBJC_MSGSEND = YES;
				GCC_C_LANGUAGE_STANDARD = gnu99;
				GCC_NO_COMMON_BLOCKS = YES;
				GCC_WARN_64_TO_32_BIT_CONVERSION = YES;
				GCC_WARN_ABOUT_RETURN_TYPE = YES_ERROR;
				GCC_WARN_UNDECLARED_SELECTOR = YES;
				GCC_WARN_UNINITIALIZED_AUTOS = YES_AGGRESSIVE;
				GCC_WARN_UNUSED_FUNCTION = YES;
				GCC_WARN_UNUSED_VARIABLE = YES;
				IPHONEOS_DEPLOYMENT_TARGET = 9.3;
				MTL_ENABLE_DEBUG_INFO = NO;
				SDKROOT = iphoneos;
				VALIDATE_PRODUCT = YES;
			};
			name = Release;
		};
		432433321D0655B200C33FB2 /* Debug */ = {
			isa = XCBuildConfiguration;
			buildSettings = {
				ASSETCATALOG_COMPILER_APPICON_NAME = AppIcon;
				GCC_PRECOMPILE_PREFIX_HEADER = YES;
				GCC_PREFIX_HEADER = "$(SRCROOT)/TableWithTable/PrefixHeader.pch";
				INFOPLIST_FILE = TableWithTable/Info.plist;
				LD_RUNPATH_SEARCH_PATHS = "$(inherited) @executable_path/Frameworks";
				PRODUCT_BUNDLE_IDENTIFIER = XTShow.TableWithTable;
				PRODUCT_NAME = "$(TARGET_NAME)";
			};
			name = Debug;
		};
		432433331D0655B200C33FB2 /* Release */ = {
			isa = XCBuildConfiguration;
			buildSettings = {
				ASSETCATALOG_COMPILER_APPICON_NAME = AppIcon;
				GCC_PRECOMPILE_PREFIX_HEADER = YES;
				GCC_PREFIX_HEADER = "$(SRCROOT)/TableWithTable/PrefixHeader.pch";
				INFOPLIST_FILE = TableWithTable/Info.plist;
				LD_RUNPATH_SEARCH_PATHS = "$(inherited) @executable_path/Frameworks";
				PRODUCT_BUNDLE_IDENTIFIER = XTShow.TableWithTable;
				PRODUCT_NAME = "$(TARGET_NAME)";
			};
			name = Release;
		};
/* End XCBuildConfiguration section */

/* Begin XCConfigurationList section */
		432433151D0655B200C33FB2 /* Build configuration list for PBXProject "TableWithTable" */ = {
			isa = XCConfigurationList;
			buildConfigurations = (
				4324332F1D0655B200C33FB2 /* Debug */,
				432433301D0655B200C33FB2 /* Release */,
			);
			defaultConfigurationIsVisible = 0;
			defaultConfigurationName = Release;
		};
		432433311D0655B200C33FB2 /* Build configuration list for PBXNativeTarget "TableWithTable" */ = {
			isa = XCConfigurationList;
			buildConfigurations = (
				432433321D0655B200C33FB2 /* Debug */,
				432433331D0655B200C33FB2 /* Release */,
			);
			defaultConfigurationIsVisible = 0;
			defaultConfigurationName = Release;
		};
/* End XCConfigurationList section */
	};
	rootObject = 432433121D0655B200C33FB2 /* Project object */;
}
